
Microsoft Visual Studio Solution File, Format Version 12.00
# Visual Studio Version 17
VisualStudioVersion = 17.7.34031.279
MinimumVisualStudioVersion = 10.0.40219.1
Project("{FAE04EC0-301F-11D3-BF4B-00C04F79EFBC}") = "Educ5Ver2", "Educ5Ver2.csproj", "{75725693-DECC-4423-95A6-09F442F5F07D}"
EndProject
Global
	GlobalSection(SolutionConfigurationPlatforms) = preSolution
		Debug|Any CPU = Debug|Any CPU
		Release|Any CPU = Release|Any CPU
	EndGlobalSection
	GlobalSection(ProjectConfigurationPlatforms) = postSolution
		{75725693-DECC-4423-95A6-09F442F5F07D}.Debug|Any CPU.ActiveCfg = Debug|Any CPU
		{75725693-DECC-4423-95A6-09F442F5F07D}.Debug|Any CPU.Build.0 = Debug|Any CPU
		{75725693-DECC-4423-95A6-09F442F5F07D}.Release|Any CPU.ActiveCfg = Release|Any CPU
		{75725693-DECC-4423-95A6-09F442F5F07D}.Release|Any CPU.Build.0 = Release|Any CPU
	EndGlobalSection
	GlobalSection(SolutionProperties) = preSolution
		HideSolutionNode = FALSE
	EndGlobalSection
	GlobalSection(ExtensibilityGlobals) = postSolution
		SolutionGuid = {1835830A-BCDD-4788-AC8F-9E8EEBA9285D}
	EndGlobalSection
EndGlobal
